{
    "_meta": {
        "hash": {
            "sha256": "68a5c9ef9bce444524a84640805b1cadc8abd2df9f6ff7cf494ec95a1acb4f76"
        },
        "host-environment-markers": {
            "implementation_name": "cpython",
            "implementation_version": "3.5.2",
            "os_name": "nt",
            "platform_machine": "AMD64",
            "platform_python_implementation": "CPython",
            "platform_release": "10",
            "platform_system": "Windows",
            "platform_version": "10.0.17134",
            "python_full_version": "3.5.2",
            "python_version": "3.5",
            "sys_platform": "win32"
        },
        "pipfile-spec": 6,
        "requires": {
            "python_version": "3.5"
        },
        "sources": [
            {
                "name": "pypi",
                "url": "https://pypi.org/simple",
                "verify_ssl": true
            }
        ]
    },
    "default": {
        "certifi": {
            "hashes": [],
            "version": "==2018.4.16"
        },
        "chardet": {
            "hashes": [],
            "version": "==3.0.4"
        },
        "e1839a8": {
            "editable": true,
            "path": "."
        },
        "future": {
            "hashes": [],
            "version": "==0.16.0"
        },
        "gym": {
            "hashes": [],
            "version": "==0.10.5"
        },
        "h5py": {
            "hashes": [],
            "version": "==2.7.1"
        },
        "idna": {
            "hashes": [],
            "version": "==2.6"
        },
        "keras": {
            "hashes": [],
            "version": "==2.1.6"
        },
        "keras-rl": {
            "hashes": [],
            "version": "==0.4.0"
        },
        "numpy": {
            "hashes": [],
            "version": "==1.14.3"
        },
        "pillow": {
            "hashes": [],
            "version": "==5.1.0"
        },
        "pygame": {
            "hashes": [],
            "version": "==1.9.3"
        },
        "pyglet": {
            "hashes": [],
            "version": "==1.3.2"
        },
        "pyyaml": {
            "hashes": [],
            "version": "==3.12"
        },
        "requests": {
            "hashes": [],
            "version": "==2.18.4"
        },
        "scipy": {
            "hashes": [],
            "version": "==1.1.0"
        },
        "six": {
            "hashes": [],
            "version": "==1.11.0"
        },
        "theano": {
            "hashes": [],
            "version": "==1.0.2"
        },
        "urllib3": {
            "hashes": [],
            "version": "==1.22"
        }
    },
    "develop": {
        "rope": {
            "hashes": [],
            "version": "==0.10.7"
        }
    }
}
